
Microsoft Visual Studio Solution File, Format Version 12.00
# Visual Studio Version 16
VisualStudioVersion = 16.0.30002.166
MinimumVisualStudioVersion = 10.0.40219.1
Project("{FAE04EC0-301F-11D3-BF4B-00C04F79EFBC}") = "KiaraMilMessageDuplicateCheck", "KiaraMilMessageDuplicateCheck\KiaraMilMessageDuplicateCheck.csproj", "{641895E1-6D3F-40DA-BFE9-17E261A90248}"
EndProject
Global
	GlobalSection(SolutionConfigurationPlatforms) = preSolution
		Debug|Any CPU = Debug|Any CPU
		Release|Any CPU = Release|Any CPU
	EndGlobalSection
	GlobalSection(ProjectConfigurationPlatforms) = postSolution
		{641895E1-6D3F-40DA-BFE9-17E261A90248}.Debug|Any CPU.ActiveCfg = Debug|Any CPU
		{641895E1-6D3F-40DA-BFE9-17E261A90248}.Debug|Any CPU.Build.0 = Debug|Any CPU
		{641895E1-6D3F-40DA-BFE9-17E261A90248}.Release|Any CPU.ActiveCfg = Release|Any CPU
		{641895E1-6D3F-40DA-BFE9-17E261A90248}.Release|Any CPU.Build.0 = Release|Any CPU
	EndGlobalSection
	GlobalSection(SolutionProperties) = preSolution
		HideSolutionNode = FALSE
	EndGlobalSection
	GlobalSection(ExtensibilityGlobals) = postSolution
		SolutionGuid = {D45729EF-EF8D-4608-9ED9-B04B5629226D}
	EndGlobalSection
EndGlobal
